
Microsoft Visual Studio Solution File, Format Version 12.00
# Visual Studio Version 16
VisualStudioVersion = 16.0.30114.105
MinimumVisualStudioVersion = 10.0.40219.1
Project("{F184B08F-C81C-45F6-A57F-5ABD9991F28F}") = "attendanceSystemWeb1.0", "attendanceSystemWeb1.0\attendanceSystemWeb1.0.vbproj", "{CB56BE67-5C25-4164-A472-50517CA0A60D}"
EndProject
Global
	GlobalSection(SolutionConfigurationPlatforms) = preSolution
		Debug|Any CPU = Debug|Any CPU
		Release|Any CPU = Release|Any CPU
	EndGlobalSection
	GlobalSection(ProjectConfigurationPlatforms) = postSolution
		{CB56BE67-5C25-4164-A472-50517CA0A60D}.Debug|Any CPU.ActiveCfg = Debug|Any CPU
		{CB56BE67-5C25-4164-A472-50517CA0A60D}.Debug|Any CPU.Build.0 = Debug|Any CPU
		{CB56BE67-5C25-4164-A472-50517CA0A60D}.Release|Any CPU.ActiveCfg = Release|Any CPU
		{CB56BE67-5C25-4164-A472-50517CA0A60D}.Release|Any CPU.Build.0 = Release|Any CPU
	EndGlobalSection
	GlobalSection(SolutionProperties) = preSolution
		HideSolutionNode = FALSE
	EndGlobalSection
	GlobalSection(ExtensibilityGlobals) = postSolution
		SolutionGuid = {B6944F06-0C35-4EA4-AB5D-B9D8A0CDD4D0}
	EndGlobalSection
EndGlobal
